
Microsoft Visual Studio Solution File, Format Version 12.00
# Visual Studio Version 17
VisualStudioVersion = 17.12.35514.174 d17.12
MinimumVisualStudioVersion = 10.0.40219.1
Project("{888888A0-9F3D-457C-B088-3A5042F75D52}") = "Backend", "Backend\Backend.pyproj", "{AA8ECB4B-8A09-4BAC-BE47-E660766A6159}"
EndProject
Project("{9092AA53-FB77-4645-B42D-1CCCA6BD08BD}") = "Frontend", "Frontend\Frontend.njsproj", "{BD66DCA8-55DE-432E-8B16-931A0585046E}"
EndProject
Global
	GlobalSection(SolutionConfigurationPlatforms) = preSolution
		Debug|Any CPU = Debug|Any CPU
		Release|Any CPU = Release|Any CPU
	EndGlobalSection
	GlobalSection(ProjectConfigurationPlatforms) = postSolution
		{AA8ECB4B-8A09-4BAC-BE47-E660766A6159}.Debug|Any CPU.ActiveCfg = Debug|Any CPU
		{AA8ECB4B-8A09-4BAC-BE47-E660766A6159}.Release|Any CPU.ActiveCfg = Release|Any CPU
		{BD66DCA8-55DE-432E-8B16-931A0585046E}.Debug|Any CPU.ActiveCfg = Debug|Any CPU
		{BD66DCA8-55DE-432E-8B16-931A0585046E}.Debug|Any CPU.Build.0 = Debug|Any CPU
		{BD66DCA8-55DE-432E-8B16-931A0585046E}.Release|Any CPU.ActiveCfg = Release|Any CPU
		{BD66DCA8-55DE-432E-8B16-931A0585046E}.Release|Any CPU.Build.0 = Release|Any CPU
	EndGlobalSection
	GlobalSection(SolutionProperties) = preSolution
		HideSolutionNode = FALSE
	EndGlobalSection
EndGlobal
